// !$*UTF8*$!
{
	archiveVersion = 1;
	classes = {
	};
	objectVersion = 56;
	objects = {

/* Begin PBXBuildFile section */
		B11C5B382A86F18E00C03F69 /* AppDelegate.swift in Sources */ = {isa = PBXBuildFile; fileRef = B11C5B372A86F18E00C03F69 /* AppDelegate.swift */; };
		B11C5B3A2A86F18E00C03F69 /* SceneDelegate.swift in Sources */ = {isa = PBXBuildFile; fileRef = B11C5B392A86F18E00C03F69 /* SceneDelegate.swift */; };
		B11C5B3C2A86F18E00C03F69 /* LoginVC.swift in Sources */ = {isa = PBXBuildFile; fileRef = B11C5B3B2A86F18E00C03F69 /* LoginVC.swift */; };
		B11C5B412A86F19100C03F69 /* Assets.xcassets in Resources */ = {isa = PBXBuildFile; fileRef = B11C5B402A86F19100C03F69 /* Assets.xcassets */; };
		B11C5B442A86F19100C03F69 /* LaunchScreen.storyboard in Resources */ = {isa = PBXBuildFile; fileRef = B11C5B422A86F19100C03F69 /* LaunchScreen.storyboard */; };
		B11C5B512A86F2EC00C03F69 /* LoginScreen.swift in Sources */ = {isa = PBXBuildFile; fileRef = B11C5B502A86F2EC00C03F69 /* LoginScreen.swift */; };
		B11C5B532A87091E00C03F69 /* HomeVC.swift in Sources */ = {isa = PBXBuildFile; fileRef = B11C5B522A87091E00C03F69 /* HomeVC.swift */; };
/* End PBXBuildFile section */

/* Begin PBXFileReference section */
		B11C5B342A86F18E00C03F69 /* 23-navegacao.app */ = {isa = PBXFileReference; explicitFileType = wrapper.application; includeInIndex = 0; path = "23-navegacao.app"; sourceTree = BUILT_PRODUCTS_DIR; };
		B11C5B372A86F18E00C03F69 /* AppDelegate.swift */ = {isa = PBXFileReference; lastKnownFileType = sourcecode.swift; path = AppDelegate.swift; sourceTree = "<group>"; };
		B11C5B392A86F18E00C03F69 /* SceneDelegate.swift */ = {isa = PBXFileReference; lastKnownFileType = sourcecode.swift; path = SceneDelegate.swift; sourceTree = "<group>"; };
		B11C5B3B2A86F18E00C03F69 /* LoginVC.swift */ = {isa = PBXFileReference; lastKnownFileType = sourcecode.swift; path = LoginVC.swift; sourceTree = "<group>"; };
		B11C5B402A86F19100C03F69 /* Assets.xcassets */ = {isa = PBXFileReference; lastKnownFileType = folder.assetcatalog; path = Assets.xcassets; sourceTree = "<group>"; };
		B11C5B432A86F19100C03F69 /* Base */ = {isa = PBXFileReference; lastKnownFileType = file.storyboard; name = Base; path = Base.lproj/LaunchScreen.storyboard; sourceTree = "<group>"; };
		B11C5B452A86F19100C03F69 /* Info.plist */ = {isa = PBXFileReference; lastKnownFileType = text.plist.xml; path = Info.plist; sourceTree = "<group>"; };
		B11C5B502A86F2EC00C03F69 /* LoginScreen.swift */ = {isa = PBXFileReference; lastKnownFileType = sourcecode.swift; path = LoginScreen.swift; sourceTree = "<group>"; };
		B11C5B522A87091E00C03F69 /* HomeVC.swift */ = {isa = PBXFileReference; lastKnownFileType = sourcecode.swift; path = HomeVC.swift; sourceTree = "<group>"; };
/* End PBXFileReference section */

/* Begin PBXFrameworksBuildPhase section */
		B11C5B312A86F18E00C03F69 /* Frameworks */ = {
			isa = PBXFrameworksBuildPhase;
			buildActionMask = 2147483647;
			files = (
			);
			runOnlyForDeploymentPostprocessing = 0;
		};
/* End PBXFrameworksBuildPhase section */

/* Begin PBXGroup section */
		B11C5B2B2A86F18E00C03F69 = {
			isa = PBXGroup;
			children = (
				B11C5B362A86F18E00C03F69 /* 23-navegacao */,
				B11C5B352A86F18E00C03F69 /* Products */,
			);
			sourceTree = "<group>";
		};
		B11C5B352A86F18E00C03F69 /* Products */ = {
			isa = PBXGroup;
			children = (
				B11C5B342A86F18E00C03F69 /* 23-navegacao.app */,
			);
			name = Products;
			sourceTree = "<group>";
		};
		B11C5B362A86F18E00C03F69 /* 23-navegacao */ = {
			isa = PBXGroup;
			children = (
				B11C5B4E2A86F25D00C03F69 /* Home */,
				B11C5B4B2A86F24B00C03F69 /* Login */,
				B11C5B372A86F18E00C03F69 /* AppDelegate.swift */,
				B11C5B392A86F18E00C03F69 /* SceneDelegate.swift */,
				B11C5B402A86F19100C03F69 /* Assets.xcassets */,
				B11C5B422A86F19100C03F69 /* LaunchScreen.storyboard */,
				B11C5B452A86F19100C03F69 /* Info.plist */,
			);
			path = "23-navegacao";
			sourceTree = "<group>";
		};
		B11C5B4B2A86F24B00C03F69 /* Login */ = {
			isa = PBXGroup;
			children = (
				B11C5B4C2A86F25000C03F69 /* Screen */,
				B11C5B4D2A86F25500C03F69 /* VC */,
			);
			path = Login;
			sourceTree = "<group>";
		};
		B11C5B4C2A86F25000C03F69 /* Screen */ = {
			isa = PBXGroup;
			children = (
				B11C5B502A86F2EC00C03F69 /* LoginScreen.swift */,
			);
			path = Screen;
			sourceTree = "<group>";
		};
		B11C5B4D2A86F25500C03F69 /* VC */ = {
			isa = PBXGroup;
			children = (
				B11C5B3B2A86F18E00C03F69 /* LoginVC.swift */,
			);
			path = VC;
			sourceTree = "<group>";
		};
		B11C5B4E2A86F25D00C03F69 /* Home */ = {
			isa = PBXGroup;
			children = (
				B11C5B4F2A86F26400C03F69 /* VC */,
			);
			path = Home;
			sourceTree = "<group>";
		};
		B11C5B4F2A86F26400C03F69 /* VC */ = {
			isa = PBXGroup;
			children = (
				B11C5B522A87091E00C03F69 /* HomeVC.swift */,
			);
			path = VC;
			sourceTree = "<group>";
		};
/* End PBXGroup section */

/* Begin PBXNativeTarget section */
		B11C5B332A86F18E00C03F69 /* 23-navegacao */ = {
			isa = PBXNativeTarget;
			buildConfigurationList = B11C5B482A86F19100C03F69 /* Build configuration list for PBXNativeTarget "23-navegacao" */;
			buildPhases = (
				B11C5B302A86F18E00C03F69 /* Sources */,
				B11C5B312A86F18E00C03F69 /* Frameworks */,
				B11C5B322A86F18E00C03F69 /* Resources */,
			);
			buildRules = (
			);
			dependencies = (
			);
			name = "23-navegacao";
			productName = "23-navegacao";
			productReference = B11C5B342A86F18E00C03F69 /* 23-navegacao.app */;
			productType = "com.apple.product-type.application";
		};
/* End PBXNativeTarget section */

/* Begin PBXProject section */
		B11C5B2C2A86F18E00C03F69 /* Project object */ = {
			isa = PBXProject;
			attributes = {
				BuildIndependentTargetsInParallel = 1;
				LastSwiftUpdateCheck = 1500;
				LastUpgradeCheck = 1500;
				TargetAttributes = {
					B11C5B332A86F18E00C03F69 = {
						CreatedOnToolsVersion = 15.0;
					};
				};
			};
			buildConfigurationList = B11C5B2F2A86F18E00C03F69 /* Build configuration list for PBXProject "23-navegacao" */;
			compatibilityVersion = "Xcode 14.0";
			developmentRegion = en;
			hasScannedForEncodings = 0;
			knownRegions = (
				en,
				Base,
			);
			mainGroup = B11C5B2B2A86F18E00C03F69;
			productRefGroup = B11C5B352A86F18E00C03F69 /* Products */;
			projectDirPath = "";
			projectRoot = "";
			targets = (
				B11C5B332A86F18E00C03F69 /* 23-navegacao */,
			);
		};
/* End PBXProject section */

/* Begin PBXResourcesBuildPhase section */
		B11C5B322A86F18E00C03F69 /* Resources */ = {
			isa = PBXResourcesBuildPhase;
			buildActionMask = 2147483647;
			files = (
				B11C5B442A86F19100C03F69 /* LaunchScreen.storyboard in Resources */,
				B11C5B412A86F19100C03F69 /* Assets.xcassets in Resources */,
			);
			runOnlyForDeploymentPostprocessing = 0;
		};
/* End PBXResourcesBuildPhase section */

/* Begin PBXSourcesBuildPhase section */
		B11C5B302A86F18E00C03F69 /* Sources */ = {
			isa = PBXSourcesBuildPhase;
			buildActionMask = 2147483647;
			files = (
				B11C5B3C2A86F18E00C03F69 /* LoginVC.swift in Sources */,
				B11C5B532A87091E00C03F69 /* HomeVC.swift in Sources */,
				B11C5B512A86F2EC00C03F69 /* LoginScreen.swift in Sources */,
				B11C5B382A86F18E00C03F69 /* AppDelegate.swift in Sources */,
				B11C5B3A2A86F18E00C03F69 /* SceneDelegate.swift in Sources */,
			);
			runOnlyForDeploymentPostprocessing = 0;
		};
/* End PBXSourcesBuildPhase section */

/* Begin PBXVariantGroup section */
		B11C5B422A86F19100C03F69 /* LaunchScreen.storyboard */ = {
			isa = PBXVariantGroup;
			children = (
				B11C5B432A86F19100C03F69 /* Base */,
			);
			name = LaunchScreen.storyboard;
			sourceTree = "<group>";
		};
/* End PBXVariantGroup section */

/* Begin XCBuildConfiguration section */
		B11C5B462A86F19100C03F69 /* Debug */ = {
			isa = XCBuildConfiguration;
			buildSettings = {
				ALWAYS_SEARCH_USER_PATHS = NO;
				ASSETCATALOG_COMPILER_GENERATE_SWIFT_ASSET_SYMBOL_EXTENSIONS = YES;
				CLANG_ANALYZER_NONNULL = YES;
				CLANG_ANALYZER_NUMBER_OBJECT_CONVERSION = YES_AGGRESSIVE;
				CLANG_CXX_LANGUAGE_STANDARD = "gnu++20";
				CLANG_ENABLE_MODULES = YES;
				CLANG_ENABLE_OBJC_ARC = YES;
				CLANG_ENABLE_OBJC_WEAK = YES;
				CLANG_WARN_BLOCK_CAPTURE_AUTORELEASING = YES;
				CLANG_WARN_BOOL_CONVERSION = YES;
				CLANG_WARN_COMMA = YES;
				CLANG_WARN_CONSTANT_CONVERSION = YES;
				CLANG_WARN_DEPRECATED_OBJC_IMPLEMENTATIONS = YES;
				CLANG_WARN_DIRECT_OBJC_ISA_USAGE = YES_ERROR;
				CLANG_WARN_DOCUMENTATION_COMMENTS = YES;
				CLANG_WARN_EMPTY_BODY = YES;
				CLANG_WARN_ENUM_CONVERSION = YES;
				CLANG_WARN_INFINITE_RECURSION = YES;
				CLANG_WARN_INT_CONVERSION = YES;
				CLANG_WARN_NON_LITERAL_NULL_CONVERSION = YES;
				CLANG_WARN_OBJC_IMPLICIT_RETAIN_SELF = YES;
				CLANG_WARN_OBJC_LITERAL_CONVERSION = YES;
				CLANG_WARN_OBJC_ROOT_CLASS = YES_ERROR;
				CLANG_WARN_QUOTED_INCLUDE_IN_FRAMEWORK_HEADER = YES;
				CLANG_WARN_RANGE_LOOP_ANALYSIS = YES;
				CLANG_WARN_STRICT_PROTOTYPES = YES;
				CLANG_WARN_SUSPICIOUS_MOVE = YES;
				CLANG_WARN_UNGUARDED_AVAILABILITY = YES_AGGRESSIVE;
				CLANG_WARN_UNREACHABLE_CODE = YES;
				CLANG_WARN__DUPLICATE_METHOD_MATCH = YES;
				COPY_PHASE_STRIP = NO;
				DEBUG_INFORMATION_FORMAT = dwarf;
				ENABLE_STRICT_OBJC_MSGSEND = YES;
				ENABLE_TESTABILITY = YES;
				ENABLE_USER_SCRIPT_SANDBOXING = YES;
				GCC_C_LANGUAGE_STANDARD = gnu17;
				GCC_DYNAMIC_NO_PIC = NO;
				GCC_NO_COMMON_BLOCKS = YES;
				GCC_OPTIMIZATION_LEVEL = 0;
				GCC_PREPROCESSOR_DEFINITIONS = (
					"DEBUG=1",
					"$(inherited)",
				);
				GCC_WARN_64_TO_32_BIT_CONVERSION = YES;
				GCC_WARN_ABOUT_RETURN_TYPE = YES_ERROR;
				GCC_WARN_UNDECLARED_SELECTOR = YES;
				GCC_WARN_UNINITIALIZED_AUTOS = YES_AGGRESSIVE;
				GCC_WARN_UNUSED_FUNCTION = YES;
				GCC_WARN_UNUSED_VARIABLE = YES;
				IPHONEOS_DEPLOYMENT_TARGET = 17.0;
				LOCALIZATION_PREFERS_STRING_CATALOGS = YES;
				MTL_ENABLE_DEBUG_INFO = INCLUDE_SOURCE;
				MTL_FAST_MATH = YES;
				ONLY_ACTIVE_ARCH = YES;
				SDKROOT = iphoneos;
				SWIFT_ACTIVE_COMPILATION_CONDITIONS = "DEBUG $(inherited)";
				SWIFT_OPTIMIZATION_LEVEL = "-Onone";
			};
			name = Debug;
		};
		B11C5B472A86F19100C03F69 /* Release */ = {
			isa = XCBuildConfiguration;
			buildSettings = {
				ALWAYS_SEARCH_USER_PATHS = NO;
				ASSETCATALOG_COMPILER_GENERATE_SWIFT_ASSET_SYMBOL_EXTENSIONS = YES;
				CLANG_ANALYZER_NONNULL = YES;
				CLANG_ANALYZER_NUMBER_OBJECT_CONVERSION = YES_AGGRESSIVE;
				CLANG_CXX_LANGUAGE_STANDARD = "gnu++20";
				CLANG_ENABLE_MODULES = YES;
				CLANG_ENABLE_OBJC_ARC = YES;
				CLANG_ENABLE_OBJC_WEAK = YES;
				CLANG_WARN_BLOCK_CAPTURE_AUTORELEASING = YES;
				CLANG_WARN_BOOL_CONVERSION = YES;
				CLANG_WARN_COMMA = YES;
				CLANG_WARN_CONSTANT_CONVERSION = YES;
				CLANG_WARN_DEPRECATED_OBJC_IMPLEMENTATIONS = YES;
				CLANG_WARN_DIRECT_OBJC_ISA_USAGE = YES_ERROR;
				CLANG_WARN_DOCUMENTATION_COMMENTS = YES;
				CLANG_WARN_EMPTY_BODY = YES;
				CLANG_WARN_ENUM_CONVERSION = YES;
				CLANG_WARN_INFINITE_RECURSION = YES;
				CLANG_WARN_INT_CONVERSION = YES;
				CLANG_WARN_NON_LITERAL_NULL_CONVERSION = YES;
				CLANG_WARN_OBJC_IMPLICIT_RETAIN_SELF = YES;
				CLANG_WARN_OBJC_LITERAL_CONVERSION = YES;
				CLANG_WARN_OBJC_ROOT_CLASS = YES_ERROR;
				CLANG_WARN_QUOTED_INCLUDE_IN_FRAMEWORK_HEADER = YES;
				CLANG_WARN_RANGE_LOOP_ANALYSIS = YES;
				CLANG_WARN_STRICT_PROTOTYPES = YES;
				CLANG_WARN_SUSPICIOUS_MOVE = YES;
				CLANG_WARN_UNGUARDED_AVAILABILITY = YES_AGGRESSIVE;
				CLANG_WARN_UNREACHABLE_CODE = YES;
				CLANG_WARN__DUPLICATE_METHOD_MATCH = YES;
				COPY_PHASE_STRIP = NO;
				DEBUG_INFORMATION_FORMAT = "dwarf-with-dsym";
				ENABLE_NS_ASSERTIONS = NO;
				ENABLE_STRICT_OBJC_MSGSEND = YES;
				ENABLE_USER_SCRIPT_SANDBOXING = YES;
				GCC_C_LANGUAGE_STANDARD = gnu17;
				GCC_NO_COMMON_BLOCKS = YES;
				GCC_WARN_64_TO_32_BIT_CONVERSION = YES;
				GCC_WARN_ABOUT_RETURN_TYPE = YES_ERROR;
				GCC_WARN_UNDECLARED_SELECTOR = YES;
				GCC_WARN_UNINITIALIZED_AUTOS = YES_AGGRESSIVE;
				GCC_WARN_UNUSED_FUNCTION = YES;
				GCC_WARN_UNUSED_VARIABLE = YES;
				IPHONEOS_DEPLOYMENT_TARGET = 17.0;
				LOCALIZATION_PREFERS_STRING_CATALOGS = YES;
				MTL_ENABLE_DEBUG_INFO = NO;
				MTL_FAST_MATH = YES;
				SDKROOT = iphoneos;
				SWIFT_COMPILATION_MODE = wholemodule;
				VALIDATE_PRODUCT = YES;
			};
			name = Release;
		};
		B11C5B492A86F19100C03F69 /* Debug */ = {
			isa = XCBuildConfiguration;
			buildSettings = {
				ASSETCATALOG_COMPILER_APPICON_NAME = AppIcon;
				ASSETCATALOG_COMPILER_GLOBAL_ACCENT_COLOR_NAME = AccentColor;
				CODE_SIGN_STYLE = Automatic;
				CURRENT_PROJECT_VERSION = 1;
				DEVELOPMENT_TEAM = HM453M4XMZ;
				GENERATE_INFOPLIST_FILE = YES;
				INFOPLIST_FILE = "23-navegacao/Info.plist";
				INFOPLIST_KEY_UIApplicationSupportsIndirectInputEvents = YES;
				INFOPLIST_KEY_UILaunchStoryboardName = LaunchScreen;
				INFOPLIST_KEY_UIMainStoryboardFile = "";
				INFOPLIST_KEY_UISupportedInterfaceOrientations_iPad = "UIInterfaceOrientationPortrait UIInterfaceOrientationPortraitUpsideDown UIInterfaceOrientationLandscapeLeft UIInterfaceOrientationLandscapeRight";
				INFOPLIST_KEY_UISupportedInterfaceOrientations_iPhone = "UIInterfaceOrientationPortrait UIInterfaceOrientationLandscapeLeft UIInterfaceOrientationLandscapeRight";
				LD_RUNPATH_SEARCH_PATHS = (
					"$(inherited)",
					"@executable_path/Frameworks",
				);
				MARKETING_VERSION = 1.0;
				PRODUCT_BUNDLE_IDENTIFIER = "sergio.hefe-hotmail.com.-3-navegacao";
				PRODUCT_NAME = "$(TARGET_NAME)";
				SUPPORTED_PLATFORMS = "iphoneos iphonesimulator";
				SUPPORTS_MACCATALYST = NO;
				SUPPORTS_MAC_DESIGNED_FOR_IPHONE_IPAD = NO;
				SUPPORTS_XR_DESIGNED_FOR_IPHONE_IPAD = NO;
				SWIFT_EMIT_LOC_STRINGS = YES;
				SWIFT_VERSION = 5.0;
				TARGETED_DEVICE_FAMILY = 1;
			};
			name = Debug;
		};
		B11C5B4A2A86F19100C03F69 /* Release */ = {
			isa = XCBuildConfiguration;
			buildSettings = {
				ASSETCATALOG_COMPILER_APPICON_NAME = AppIcon;
				ASSETCATALOG_COMPILER_GLOBAL_ACCENT_COLOR_NAME = AccentColor;
				CODE_SIGN_STYLE = Automatic;
				CURRENT_PROJECT_VERSION = 1;
				DEVELOPMENT_TEAM = HM453M4XMZ;
				GENERATE_INFOPLIST_FILE = YES;
				INFOPLIST_FILE = "23-navegacao/Info.plist";
				INFOPLIST_KEY_UIApplicationSupportsIndirectInputEvents = YES;
				INFOPLIST_KEY_UILaunchStoryboardName = LaunchScreen;
				INFOPLIST_KEY_UIMainStoryboardFile = "";
				INFOPLIST_KEY_UISupportedInterfaceOrientations_iPad = "UIInterfaceOrientationPortrait UIInterfaceOrientationPortraitUpsideDown UIInterfaceOrientationLandscapeLeft UIInterfaceOrientationLandscapeRight";
				INFOPLIST_KEY_UISupportedInterfaceOrientations_iPhone = "UIInterfaceOrientationPortrait UIInterfaceOrientationLandscapeLeft UIInterfaceOrientationLandscapeRight";
				LD_RUNPATH_SEARCH_PATHS = (
					"$(inherited)",
					"@executable_path/Frameworks",
				);
				MARKETING_VERSION = 1.0;
				PRODUCT_BUNDLE_IDENTIFIER = "sergio.hefe-hotmail.com.-3-navegacao";
				PRODUCT_NAME = "$(TARGET_NAME)";
				SUPPORTED_PLATFORMS = "iphoneos iphonesimulator";
				SUPPORTS_MACCATALYST = NO;
				SUPPORTS_MAC_DESIGNED_FOR_IPHONE_IPAD = NO;
				SUPPORTS_XR_DESIGNED_FOR_IPHONE_IPAD = NO;
				SWIFT_EMIT_LOC_STRINGS = YES;
				SWIFT_VERSION = 5.0;
				TARGETED_DEVICE_FAMILY = 1;
			};
			name = Release;
		};
/* End XCBuildConfiguration section */

/* Begin XCConfigurationList section */
		B11C5B2F2A86F18E00C03F69 /* Build configuration list for PBXProject "23-navegacao" */ = {
			isa = XCConfigurationList;
			buildConfigurations = (
				B11C5B462A86F19100C03F69 /* Debug */,
				B11C5B472A86F19100C03F69 /* Release */,
			);
			defaultConfigurationIsVisible = 0;
			defaultConfigurationName = Release;
		};
		B11C5B482A86F19100C03F69 /* Build configuration list for PBXNativeTarget "23-navegacao" */ = {
			isa = XCConfigurationList;
			buildConfigurations = (
				B11C5B492A86F19100C03F69 /* Debug */,
				B11C5B4A2A86F19100C03F69 /* Release */,
			);
			defaultConfigurationIsVisible = 0;
			defaultConfigurationName = Release;
		};
/* End XCConfigurationList section */
	};
	rootObject = B11C5B2C2A86F18E00C03F69 /* Project object */;
}
