// !$*UTF8*$!
{
	archiveVersion = 1;
	classes = {
	};
	objectVersion = 56;
	objects = {

/* Begin PBXBuildFile section */
		B16F396D2A8B0E1200061EFE /* AppDelegate.swift in Sources */ = {isa = PBXBuildFile; fileRef = B16F396C2A8B0E1200061EFE /* AppDelegate.swift */; };
		B16F396F2A8B0E1200061EFE /* SceneDelegate.swift in Sources */ = {isa = PBXBuildFile; fileRef = B16F396E2A8B0E1200061EFE /* SceneDelegate.swift */; };
		B16F39712A8B0E1200061EFE /* Home.swift in Sources */ = {isa = PBXBuildFile; fileRef = B16F39702A8B0E1200061EFE /* Home.swift */; };
		B16F39762A8B0E1500061EFE /* Assets.xcassets in Resources */ = {isa = PBXBuildFile; fileRef = B16F39752A8B0E1500061EFE /* Assets.xcassets */; };
		B16F39792A8B0E1500061EFE /* LaunchScreen.storyboard in Resources */ = {isa = PBXBuildFile; fileRef = B16F39772A8B0E1500061EFE /* LaunchScreen.storyboard */; };
		B16F39842A8B0E9D00061EFE /* HomeScreen.swift in Sources */ = {isa = PBXBuildFile; fileRef = B16F39832A8B0E9D00061EFE /* HomeScreen.swift */; };
		B16F39892A8B11B900061EFE /* Tela02VC.swift in Sources */ = {isa = PBXBuildFile; fileRef = B16F39882A8B11B900061EFE /* Tela02VC.swift */; };
		B16F398B2A8B11C700061EFE /* Tela02Screen.swift in Sources */ = {isa = PBXBuildFile; fileRef = B16F398A2A8B11C700061EFE /* Tela02Screen.swift */; };
/* End PBXBuildFile section */

/* Begin PBXFileReference section */
		B16F39692A8B0E1100061EFE /* teste01.app */ = {isa = PBXFileReference; explicitFileType = wrapper.application; includeInIndex = 0; path = teste01.app; sourceTree = BUILT_PRODUCTS_DIR; };
		B16F396C2A8B0E1200061EFE /* AppDelegate.swift */ = {isa = PBXFileReference; lastKnownFileType = sourcecode.swift; path = AppDelegate.swift; sourceTree = "<group>"; };
		B16F396E2A8B0E1200061EFE /* SceneDelegate.swift */ = {isa = PBXFileReference; lastKnownFileType = sourcecode.swift; path = SceneDelegate.swift; sourceTree = "<group>"; };
		B16F39702A8B0E1200061EFE /* Home.swift */ = {isa = PBXFileReference; lastKnownFileType = sourcecode.swift; path = Home.swift; sourceTree = "<group>"; };
		B16F39752A8B0E1500061EFE /* Assets.xcassets */ = {isa = PBXFileReference; lastKnownFileType = folder.assetcatalog; path = Assets.xcassets; sourceTree = "<group>"; };
		B16F39782A8B0E1500061EFE /* Base */ = {isa = PBXFileReference; lastKnownFileType = file.storyboard; name = Base; path = Base.lproj/LaunchScreen.storyboard; sourceTree = "<group>"; };
		B16F397A2A8B0E1500061EFE /* Info.plist */ = {isa = PBXFileReference; lastKnownFileType = text.plist.xml; path = Info.plist; sourceTree = "<group>"; };
		B16F39832A8B0E9D00061EFE /* HomeScreen.swift */ = {isa = PBXFileReference; lastKnownFileType = sourcecode.swift; path = HomeScreen.swift; sourceTree = "<group>"; };
		B16F39882A8B11B900061EFE /* Tela02VC.swift */ = {isa = PBXFileReference; lastKnownFileType = sourcecode.swift; path = Tela02VC.swift; sourceTree = "<group>"; };
		B16F398A2A8B11C700061EFE /* Tela02Screen.swift */ = {isa = PBXFileReference; lastKnownFileType = sourcecode.swift; path = Tela02Screen.swift; sourceTree = "<group>"; };
/* End PBXFileReference section */

/* Begin PBXFrameworksBuildPhase section */
		B16F39662A8B0E1100061EFE /* Frameworks */ = {
			isa = PBXFrameworksBuildPhase;
			buildActionMask = 2147483647;
			files = (
			);
			runOnlyForDeploymentPostprocessing = 0;
		};
/* End PBXFrameworksBuildPhase section */

/* Begin PBXGroup section */
		B16F39602A8B0E1100061EFE = {
			isa = PBXGroup;
			children = (
				B16F396B2A8B0E1200061EFE /* teste01 */,
				B16F396A2A8B0E1100061EFE /* Products */,
			);
			sourceTree = "<group>";
		};
		B16F396A2A8B0E1100061EFE /* Products */ = {
			isa = PBXGroup;
			children = (
				B16F39692A8B0E1100061EFE /* teste01.app */,
			);
			name = Products;
			sourceTree = "<group>";
		};
		B16F396B2A8B0E1200061EFE /* teste01 */ = {
			isa = PBXGroup;
			children = (
				B16F39852A8B118A00061EFE /* Tela02 */,
				B16F39802A8B0E6900061EFE /* Home */,
				B16F396C2A8B0E1200061EFE /* AppDelegate.swift */,
				B16F396E2A8B0E1200061EFE /* SceneDelegate.swift */,
				B16F39752A8B0E1500061EFE /* Assets.xcassets */,
				B16F39772A8B0E1500061EFE /* LaunchScreen.storyboard */,
				B16F397A2A8B0E1500061EFE /* Info.plist */,
			);
			path = teste01;
			sourceTree = "<group>";
		};
		B16F39802A8B0E6900061EFE /* Home */ = {
			isa = PBXGroup;
			children = (
				B16F39822A8B0E8B00061EFE /* Screen */,
				B16F39812A8B0E8700061EFE /* VC */,
			);
			path = Home;
			sourceTree = "<group>";
		};
		B16F39812A8B0E8700061EFE /* VC */ = {
			isa = PBXGroup;
			children = (
				B16F39702A8B0E1200061EFE /* Home.swift */,
			);
			path = VC;
			sourceTree = "<group>";
		};
		B16F39822A8B0E8B00061EFE /* Screen */ = {
			isa = PBXGroup;
			children = (
				B16F39832A8B0E9D00061EFE /* HomeScreen.swift */,
			);
			path = Screen;
			sourceTree = "<group>";
		};
		B16F39852A8B118A00061EFE /* Tela02 */ = {
			isa = PBXGroup;
			children = (
				B16F39872A8B11A700061EFE /* Screen */,
				B16F39862A8B11A300061EFE /* VC */,
			);
			path = Tela02;
			sourceTree = "<group>";
		};
		B16F39862A8B11A300061EFE /* VC */ = {
			isa = PBXGroup;
			children = (
				B16F39882A8B11B900061EFE /* Tela02VC.swift */,
			);
			path = VC;
			sourceTree = "<group>";
		};
		B16F39872A8B11A700061EFE /* Screen */ = {
			isa = PBXGroup;
			children = (
				B16F398A2A8B11C700061EFE /* Tela02Screen.swift */,
			);
			path = Screen;
			sourceTree = "<group>";
		};
/* End PBXGroup section */

/* Begin PBXNativeTarget section */
		B16F39682A8B0E1100061EFE /* teste01 */ = {
			isa = PBXNativeTarget;
			buildConfigurationList = B16F397D2A8B0E1500061EFE /* Build configuration list for PBXNativeTarget "teste01" */;
			buildPhases = (
				B16F39652A8B0E1100061EFE /* Sources */,
				B16F39662A8B0E1100061EFE /* Frameworks */,
				B16F39672A8B0E1100061EFE /* Resources */,
			);
			buildRules = (
			);
			dependencies = (
			);
			name = teste01;
			productName = teste01;
			productReference = B16F39692A8B0E1100061EFE /* teste01.app */;
			productType = "com.apple.product-type.application";
		};
/* End PBXNativeTarget section */

/* Begin PBXProject section */
		B16F39612A8B0E1100061EFE /* Project object */ = {
			isa = PBXProject;
			attributes = {
				BuildIndependentTargetsInParallel = 1;
				LastSwiftUpdateCheck = 1500;
				LastUpgradeCheck = 1500;
				TargetAttributes = {
					B16F39682A8B0E1100061EFE = {
						CreatedOnToolsVersion = 15.0;
					};
				};
			};
			buildConfigurationList = B16F39642A8B0E1100061EFE /* Build configuration list for PBXProject "teste01" */;
			compatibilityVersion = "Xcode 14.0";
			developmentRegion = en;
			hasScannedForEncodings = 0;
			knownRegions = (
				en,
				Base,
			);
			mainGroup = B16F39602A8B0E1100061EFE;
			productRefGroup = B16F396A2A8B0E1100061EFE /* Products */;
			projectDirPath = "";
			projectRoot = "";
			targets = (
				B16F39682A8B0E1100061EFE /* teste01 */,
			);
		};
/* End PBXProject section */

/* Begin PBXResourcesBuildPhase section */
		B16F39672A8B0E1100061EFE /* Resources */ = {
			isa = PBXResourcesBuildPhase;
			buildActionMask = 2147483647;
			files = (
				B16F39792A8B0E1500061EFE /* LaunchScreen.storyboard in Resources */,
				B16F39762A8B0E1500061EFE /* Assets.xcassets in Resources */,
			);
			runOnlyForDeploymentPostprocessing = 0;
		};
/* End PBXResourcesBuildPhase section */

/* Begin PBXSourcesBuildPhase section */
		B16F39652A8B0E1100061EFE /* Sources */ = {
			isa = PBXSourcesBuildPhase;
			buildActionMask = 2147483647;
			files = (
				B16F39842A8B0E9D00061EFE /* HomeScreen.swift in Sources */,
				B16F39712A8B0E1200061EFE /* Home.swift in Sources */,
				B16F39892A8B11B900061EFE /* Tela02VC.swift in Sources */,
				B16F396D2A8B0E1200061EFE /* AppDelegate.swift in Sources */,
				B16F396F2A8B0E1200061EFE /* SceneDelegate.swift in Sources */,
				B16F398B2A8B11C700061EFE /* Tela02Screen.swift in Sources */,
			);
			runOnlyForDeploymentPostprocessing = 0;
		};
/* End PBXSourcesBuildPhase section */

/* Begin PBXVariantGroup section */
		B16F39772A8B0E1500061EFE /* LaunchScreen.storyboard */ = {
			isa = PBXVariantGroup;
			children = (
				B16F39782A8B0E1500061EFE /* Base */,
			);
			name = LaunchScreen.storyboard;
			sourceTree = "<group>";
		};
/* End PBXVariantGroup section */

/* Begin XCBuildConfiguration section */
		B16F397B2A8B0E1500061EFE /* Debug */ = {
			isa = XCBuildConfiguration;
			buildSettings = {
				ALWAYS_SEARCH_USER_PATHS = NO;
				ASSETCATALOG_COMPILER_GENERATE_SWIFT_ASSET_SYMBOL_EXTENSIONS = YES;
				CLANG_ANALYZER_NONNULL = YES;
				CLANG_ANALYZER_NUMBER_OBJECT_CONVERSION = YES_AGGRESSIVE;
				CLANG_CXX_LANGUAGE_STANDARD = "gnu++20";
				CLANG_ENABLE_MODULES = YES;
				CLANG_ENABLE_OBJC_ARC = YES;
				CLANG_ENABLE_OBJC_WEAK = YES;
				CLANG_WARN_BLOCK_CAPTURE_AUTORELEASING = YES;
				CLANG_WARN_BOOL_CONVERSION = YES;
				CLANG_WARN_COMMA = YES;
				CLANG_WARN_CONSTANT_CONVERSION = YES;
				CLANG_WARN_DEPRECATED_OBJC_IMPLEMENTATIONS = YES;
				CLANG_WARN_DIRECT_OBJC_ISA_USAGE = YES_ERROR;
				CLANG_WARN_DOCUMENTATION_COMMENTS = YES;
				CLANG_WARN_EMPTY_BODY = YES;
				CLANG_WARN_ENUM_CONVERSION = YES;
				CLANG_WARN_INFINITE_RECURSION = YES;
				CLANG_WARN_INT_CONVERSION = YES;
				CLANG_WARN_NON_LITERAL_NULL_CONVERSION = YES;
				CLANG_WARN_OBJC_IMPLICIT_RETAIN_SELF = YES;
				CLANG_WARN_OBJC_LITERAL_CONVERSION = YES;
				CLANG_WARN_OBJC_ROOT_CLASS = YES_ERROR;
				CLANG_WARN_QUOTED_INCLUDE_IN_FRAMEWORK_HEADER = YES;
				CLANG_WARN_RANGE_LOOP_ANALYSIS = YES;
				CLANG_WARN_STRICT_PROTOTYPES = YES;
				CLANG_WARN_SUSPICIOUS_MOVE = YES;
				CLANG_WARN_UNGUARDED_AVAILABILITY = YES_AGGRESSIVE;
				CLANG_WARN_UNREACHABLE_CODE = YES;
				CLANG_WARN__DUPLICATE_METHOD_MATCH = YES;
				COPY_PHASE_STRIP = NO;
				DEBUG_INFORMATION_FORMAT = dwarf;
				ENABLE_STRICT_OBJC_MSGSEND = YES;
				ENABLE_TESTABILITY = YES;
				ENABLE_USER_SCRIPT_SANDBOXING = YES;
				GCC_C_LANGUAGE_STANDARD = gnu17;
				GCC_DYNAMIC_NO_PIC = NO;
				GCC_NO_COMMON_BLOCKS = YES;
				GCC_OPTIMIZATION_LEVEL = 0;
				GCC_PREPROCESSOR_DEFINITIONS = (
					"DEBUG=1",
					"$(inherited)",
				);
				GCC_WARN_64_TO_32_BIT_CONVERSION = YES;
				GCC_WARN_ABOUT_RETURN_TYPE = YES_ERROR;
				GCC_WARN_UNDECLARED_SELECTOR = YES;
				GCC_WARN_UNINITIALIZED_AUTOS = YES_AGGRESSIVE;
				GCC_WARN_UNUSED_FUNCTION = YES;
				GCC_WARN_UNUSED_VARIABLE = YES;
				IPHONEOS_DEPLOYMENT_TARGET = 17.0;
				LOCALIZATION_PREFERS_STRING_CATALOGS = YES;
				MTL_ENABLE_DEBUG_INFO = INCLUDE_SOURCE;
				MTL_FAST_MATH = YES;
				ONLY_ACTIVE_ARCH = YES;
				SDKROOT = iphoneos;
				SWIFT_ACTIVE_COMPILATION_CONDITIONS = "DEBUG $(inherited)";
				SWIFT_OPTIMIZATION_LEVEL = "-Onone";
			};
			name = Debug;
		};
		B16F397C2A8B0E1500061EFE /* Release */ = {
			isa = XCBuildConfiguration;
			buildSettings = {
				ALWAYS_SEARCH_USER_PATHS = NO;
				ASSETCATALOG_COMPILER_GENERATE_SWIFT_ASSET_SYMBOL_EXTENSIONS = YES;
				CLANG_ANALYZER_NONNULL = YES;
				CLANG_ANALYZER_NUMBER_OBJECT_CONVERSION = YES_AGGRESSIVE;
				CLANG_CXX_LANGUAGE_STANDARD = "gnu++20";
				CLANG_ENABLE_MODULES = YES;
				CLANG_ENABLE_OBJC_ARC = YES;
				CLANG_ENABLE_OBJC_WEAK = YES;
				CLANG_WARN_BLOCK_CAPTURE_AUTORELEASING = YES;
				CLANG_WARN_BOOL_CONVERSION = YES;
				CLANG_WARN_COMMA = YES;
				CLANG_WARN_CONSTANT_CONVERSION = YES;
				CLANG_WARN_DEPRECATED_OBJC_IMPLEMENTATIONS = YES;
				CLANG_WARN_DIRECT_OBJC_ISA_USAGE = YES_ERROR;
				CLANG_WARN_DOCUMENTATION_COMMENTS = YES;
				CLANG_WARN_EMPTY_BODY = YES;
				CLANG_WARN_ENUM_CONVERSION = YES;
				CLANG_WARN_INFINITE_RECURSION = YES;
				CLANG_WARN_INT_CONVERSION = YES;
				CLANG_WARN_NON_LITERAL_NULL_CONVERSION = YES;
				CLANG_WARN_OBJC_IMPLICIT_RETAIN_SELF = YES;
				CLANG_WARN_OBJC_LITERAL_CONVERSION = YES;
				CLANG_WARN_OBJC_ROOT_CLASS = YES_ERROR;
				CLANG_WARN_QUOTED_INCLUDE_IN_FRAMEWORK_HEADER = YES;
				CLANG_WARN_RANGE_LOOP_ANALYSIS = YES;
				CLANG_WARN_STRICT_PROTOTYPES = YES;
				CLANG_WARN_SUSPICIOUS_MOVE = YES;
				CLANG_WARN_UNGUARDED_AVAILABILITY = YES_AGGRESSIVE;
				CLANG_WARN_UNREACHABLE_CODE = YES;
				CLANG_WARN__DUPLICATE_METHOD_MATCH = YES;
				COPY_PHASE_STRIP = NO;
				DEBUG_INFORMATION_FORMAT = "dwarf-with-dsym";
				ENABLE_NS_ASSERTIONS = NO;
				ENABLE_STRICT_OBJC_MSGSEND = YES;
				ENABLE_USER_SCRIPT_SANDBOXING = YES;
				GCC_C_LANGUAGE_STANDARD = gnu17;
				GCC_NO_COMMON_BLOCKS = YES;
				GCC_WARN_64_TO_32_BIT_CONVERSION = YES;
				GCC_WARN_ABOUT_RETURN_TYPE = YES_ERROR;
				GCC_WARN_UNDECLARED_SELECTOR = YES;
				GCC_WARN_UNINITIALIZED_AUTOS = YES_AGGRESSIVE;
				GCC_WARN_UNUSED_FUNCTION = YES;
				GCC_WARN_UNUSED_VARIABLE = YES;
				IPHONEOS_DEPLOYMENT_TARGET = 17.0;
				LOCALIZATION_PREFERS_STRING_CATALOGS = YES;
				MTL_ENABLE_DEBUG_INFO = NO;
				MTL_FAST_MATH = YES;
				SDKROOT = iphoneos;
				SWIFT_COMPILATION_MODE = wholemodule;
				VALIDATE_PRODUCT = YES;
			};
			name = Release;
		};
		B16F397E2A8B0E1500061EFE /* Debug */ = {
			isa = XCBuildConfiguration;
			buildSettings = {
				ASSETCATALOG_COMPILER_APPICON_NAME = AppIcon;
				ASSETCATALOG_COMPILER_GLOBAL_ACCENT_COLOR_NAME = AccentColor;
				CODE_SIGN_STYLE = Automatic;
				CURRENT_PROJECT_VERSION = 1;
				DEVELOPMENT_TEAM = HM453M4XMZ;
				GENERATE_INFOPLIST_FILE = YES;
				INFOPLIST_FILE = teste01/Info.plist;
				INFOPLIST_KEY_UIApplicationSupportsIndirectInputEvents = YES;
				INFOPLIST_KEY_UILaunchStoryboardName = LaunchScreen;
				INFOPLIST_KEY_UISupportedInterfaceOrientations_iPad = "UIInterfaceOrientationPortrait UIInterfaceOrientationPortraitUpsideDown UIInterfaceOrientationLandscapeLeft UIInterfaceOrientationLandscapeRight";
				INFOPLIST_KEY_UISupportedInterfaceOrientations_iPhone = "UIInterfaceOrientationPortrait UIInterfaceOrientationLandscapeLeft UIInterfaceOrientationLandscapeRight";
				LD_RUNPATH_SEARCH_PATHS = (
					"$(inherited)",
					"@executable_path/Frameworks",
				);
				MARKETING_VERSION = 1.0;
				PRODUCT_BUNDLE_IDENTIFIER = "sergio.hefe-hotmail.com.teste01";
				PRODUCT_NAME = "$(TARGET_NAME)";
				SUPPORTED_PLATFORMS = "iphoneos iphonesimulator";
				SUPPORTS_MACCATALYST = NO;
				SUPPORTS_MAC_DESIGNED_FOR_IPHONE_IPAD = NO;
				SUPPORTS_XR_DESIGNED_FOR_IPHONE_IPAD = NO;
				SWIFT_EMIT_LOC_STRINGS = YES;
				SWIFT_VERSION = 5.0;
				TARGETED_DEVICE_FAMILY = 1;
			};
			name = Debug;
		};
		B16F397F2A8B0E1500061EFE /* Release */ = {
			isa = XCBuildConfiguration;
			buildSettings = {
				ASSETCATALOG_COMPILER_APPICON_NAME = AppIcon;
				ASSETCATALOG_COMPILER_GLOBAL_ACCENT_COLOR_NAME = AccentColor;
				CODE_SIGN_STYLE = Automatic;
				CURRENT_PROJECT_VERSION = 1;
				DEVELOPMENT_TEAM = HM453M4XMZ;
				GENERATE_INFOPLIST_FILE = YES;
				INFOPLIST_FILE = teste01/Info.plist;
				INFOPLIST_KEY_UIApplicationSupportsIndirectInputEvents = YES;
				INFOPLIST_KEY_UILaunchStoryboardName = LaunchScreen;
				INFOPLIST_KEY_UISupportedInterfaceOrientations_iPad = "UIInterfaceOrientationPortrait UIInterfaceOrientationPortraitUpsideDown UIInterfaceOrientationLandscapeLeft UIInterfaceOrientationLandscapeRight";
				INFOPLIST_KEY_UISupportedInterfaceOrientations_iPhone = "UIInterfaceOrientationPortrait UIInterfaceOrientationLandscapeLeft UIInterfaceOrientationLandscapeRight";
				LD_RUNPATH_SEARCH_PATHS = (
					"$(inherited)",
					"@executable_path/Frameworks",
				);
				MARKETING_VERSION = 1.0;
				PRODUCT_BUNDLE_IDENTIFIER = "sergio.hefe-hotmail.com.teste01";
				PRODUCT_NAME = "$(TARGET_NAME)";
				SUPPORTED_PLATFORMS = "iphoneos iphonesimulator";
				SUPPORTS_MACCATALYST = NO;
				SUPPORTS_MAC_DESIGNED_FOR_IPHONE_IPAD = NO;
				SUPPORTS_XR_DESIGNED_FOR_IPHONE_IPAD = NO;
				SWIFT_EMIT_LOC_STRINGS = YES;
				SWIFT_VERSION = 5.0;
				TARGETED_DEVICE_FAMILY = 1;
			};
			name = Release;
		};
/* End XCBuildConfiguration section */

/* Begin XCConfigurationList section */
		B16F39642A8B0E1100061EFE /* Build configuration list for PBXProject "teste01" */ = {
			isa = XCConfigurationList;
			buildConfigurations = (
				B16F397B2A8B0E1500061EFE /* Debug */,
				B16F397C2A8B0E1500061EFE /* Release */,
			);
			defaultConfigurationIsVisible = 0;
			defaultConfigurationName = Release;
		};
		B16F397D2A8B0E1500061EFE /* Build configuration list for PBXNativeTarget "teste01" */ = {
			isa = XCConfigurationList;
			buildConfigurations = (
				B16F397E2A8B0E1500061EFE /* Debug */,
				B16F397F2A8B0E1500061EFE /* Release */,
			);
			defaultConfigurationIsVisible = 0;
			defaultConfigurationName = Release;
		};
/* End XCConfigurationList section */
	};
	rootObject = B16F39612A8B0E1100061EFE /* Project object */;
}
