// !$*UTF8*$!
{
	archiveVersion = 1;
	classes = {
	};
	objectVersion = 56;
	objects = {

/* Begin PBXBuildFile section */
		B14833962A7AF81C0093D07D /* tabBarController.swift in Sources */ = {isa = PBXBuildFile; fileRef = B14833952A7AF81C0093D07D /* tabBarController.swift */; };
		B14833982A7AFCCD0093D07D /* Tela02.swift in Sources */ = {isa = PBXBuildFile; fileRef = B14833972A7AFCCD0093D07D /* Tela02.swift */; };
		B148339A2A7AFCD40093D07D /* Tela03.swift in Sources */ = {isa = PBXBuildFile; fileRef = B14833992A7AFCD40093D07D /* Tela03.swift */; };
		B16740452A7B348700F5ACD7 /* CustomTableViewCell.swift in Sources */ = {isa = PBXBuildFile; fileRef = B16740432A7B348700F5ACD7 /* CustomTableViewCell.swift */; };
		B16740462A7B348700F5ACD7 /* CustomTableViewCell.xib in Resources */ = {isa = PBXBuildFile; fileRef = B16740442A7B348700F5ACD7 /* CustomTableViewCell.xib */; };
		B1BEA6582A7B475A007E9027 /* Profile.swift in Sources */ = {isa = PBXBuildFile; fileRef = B1BEA6572A7B475A007E9027 /* Profile.swift */; };
		B1CEE71A2A7C002D00A05D62 /* AlertController.swift in Sources */ = {isa = PBXBuildFile; fileRef = B1CEE7192A7C002D00A05D62 /* AlertController.swift */; };
		B1E5D7992A7AF755003E7035 /* AppDelegate.swift in Sources */ = {isa = PBXBuildFile; fileRef = B1E5D7982A7AF755003E7035 /* AppDelegate.swift */; };
		B1E5D79B2A7AF755003E7035 /* SceneDelegate.swift in Sources */ = {isa = PBXBuildFile; fileRef = B1E5D79A2A7AF755003E7035 /* SceneDelegate.swift */; };
		B1E5D79D2A7AF755003E7035 /* Tela01.swift in Sources */ = {isa = PBXBuildFile; fileRef = B1E5D79C2A7AF755003E7035 /* Tela01.swift */; };
		B1E5D7A02A7AF755003E7035 /* Main.storyboard in Resources */ = {isa = PBXBuildFile; fileRef = B1E5D79E2A7AF755003E7035 /* Main.storyboard */; };
		B1E5D7A22A7AF75A003E7035 /* Assets.xcassets in Resources */ = {isa = PBXBuildFile; fileRef = B1E5D7A12A7AF75A003E7035 /* Assets.xcassets */; };
		B1E5D7A52A7AF75A003E7035 /* LaunchScreen.storyboard in Resources */ = {isa = PBXBuildFile; fileRef = B1E5D7A32A7AF75A003E7035 /* LaunchScreen.storyboard */; };
/* End PBXBuildFile section */

/* Begin PBXFileReference section */
		B14833952A7AF81C0093D07D /* tabBarController.swift */ = {isa = PBXFileReference; fileEncoding = 4; lastKnownFileType = sourcecode.swift; path = tabBarController.swift; sourceTree = "<group>"; };
		B14833972A7AFCCD0093D07D /* Tela02.swift */ = {isa = PBXFileReference; fileEncoding = 4; lastKnownFileType = sourcecode.swift; path = Tela02.swift; sourceTree = "<group>"; };
		B14833992A7AFCD40093D07D /* Tela03.swift */ = {isa = PBXFileReference; fileEncoding = 4; lastKnownFileType = sourcecode.swift; path = Tela03.swift; sourceTree = "<group>"; };
		B16740432A7B348700F5ACD7 /* CustomTableViewCell.swift */ = {isa = PBXFileReference; lastKnownFileType = sourcecode.swift; path = CustomTableViewCell.swift; sourceTree = "<group>"; };
		B16740442A7B348700F5ACD7 /* CustomTableViewCell.xib */ = {isa = PBXFileReference; lastKnownFileType = file.xib; path = CustomTableViewCell.xib; sourceTree = "<group>"; };
		B1BEA6572A7B475A007E9027 /* Profile.swift */ = {isa = PBXFileReference; fileEncoding = 4; lastKnownFileType = sourcecode.swift; path = Profile.swift; sourceTree = "<group>"; };
		B1CEE7192A7C002D00A05D62 /* AlertController.swift */ = {isa = PBXFileReference; fileEncoding = 4; lastKnownFileType = sourcecode.swift; path = AlertController.swift; sourceTree = "<group>"; };
		B1E5D7952A7AF755003E7035 /* 20- tabbarePick.app */ = {isa = PBXFileReference; explicitFileType = wrapper.application; includeInIndex = 0; path = "20- tabbarePick.app"; sourceTree = BUILT_PRODUCTS_DIR; };
		B1E5D7982A7AF755003E7035 /* AppDelegate.swift */ = {isa = PBXFileReference; lastKnownFileType = sourcecode.swift; path = AppDelegate.swift; sourceTree = "<group>"; };
		B1E5D79A2A7AF755003E7035 /* SceneDelegate.swift */ = {isa = PBXFileReference; lastKnownFileType = sourcecode.swift; path = SceneDelegate.swift; sourceTree = "<group>"; };
		B1E5D79C2A7AF755003E7035 /* Tela01.swift */ = {isa = PBXFileReference; lastKnownFileType = sourcecode.swift; path = Tela01.swift; sourceTree = "<group>"; };
		B1E5D79F2A7AF755003E7035 /* Base */ = {isa = PBXFileReference; lastKnownFileType = file.storyboard; name = Base; path = Base.lproj/Main.storyboard; sourceTree = "<group>"; };
		B1E5D7A12A7AF75A003E7035 /* Assets.xcassets */ = {isa = PBXFileReference; lastKnownFileType = folder.assetcatalog; path = Assets.xcassets; sourceTree = "<group>"; };
		B1E5D7A42A7AF75A003E7035 /* Base */ = {isa = PBXFileReference; lastKnownFileType = file.storyboard; name = Base; path = Base.lproj/LaunchScreen.storyboard; sourceTree = "<group>"; };
		B1E5D7A62A7AF75A003E7035 /* Info.plist */ = {isa = PBXFileReference; lastKnownFileType = text.plist.xml; path = Info.plist; sourceTree = "<group>"; };
/* End PBXFileReference section */

/* Begin PBXFrameworksBuildPhase section */
		B1E5D7922A7AF755003E7035 /* Frameworks */ = {
			isa = PBXFrameworksBuildPhase;
			buildActionMask = 2147483647;
			files = (
			);
			runOnlyForDeploymentPostprocessing = 0;
		};
/* End PBXFrameworksBuildPhase section */

/* Begin PBXGroup section */
		B148339B2A7B34010093D07D /* CustomCell */ = {
			isa = PBXGroup;
			children = (
				B16740432A7B348700F5ACD7 /* CustomTableViewCell.swift */,
				B16740442A7B348700F5ACD7 /* CustomTableViewCell.xib */,
			);
			path = CustomCell;
			sourceTree = "<group>";
		};
		B16740472A7B471100F5ACD7 /* Model */ = {
			isa = PBXGroup;
			children = (
				B1BEA6572A7B475A007E9027 /* Profile.swift */,
			);
			path = Model;
			sourceTree = "<group>";
		};
		B1BEA6592A7BFFE0007E9027 /* AlertController */ = {
			isa = PBXGroup;
			children = (
				B1CEE7192A7C002D00A05D62 /* AlertController.swift */,
			);
			path = AlertController;
			sourceTree = "<group>";
		};
		B1E5D78C2A7AF755003E7035 = {
			isa = PBXGroup;
			children = (
				B1E5D7972A7AF755003E7035 /* 20- tabbarePick */,
				B1E5D7962A7AF755003E7035 /* Products */,
			);
			sourceTree = "<group>";
		};
		B1E5D7962A7AF755003E7035 /* Products */ = {
			isa = PBXGroup;
			children = (
				B1E5D7952A7AF755003E7035 /* 20- tabbarePick.app */,
			);
			name = Products;
			sourceTree = "<group>";
		};
		B1E5D7972A7AF755003E7035 /* 20- tabbarePick */ = {
			isa = PBXGroup;
			children = (
				B1BEA6592A7BFFE0007E9027 /* AlertController */,
				B16740472A7B471100F5ACD7 /* Model */,
				B148339B2A7B34010093D07D /* CustomCell */,
				B1E5D7982A7AF755003E7035 /* AppDelegate.swift */,
				B1E5D79A2A7AF755003E7035 /* SceneDelegate.swift */,
				B1E5D7A12A7AF75A003E7035 /* Assets.xcassets */,
				B1E5D7A32A7AF75A003E7035 /* LaunchScreen.storyboard */,
				B1E5D7A62A7AF75A003E7035 /* Info.plist */,
				B14833952A7AF81C0093D07D /* tabBarController.swift */,
				B1E5D79E2A7AF755003E7035 /* Main.storyboard */,
				B1E5D79C2A7AF755003E7035 /* Tela01.swift */,
				B14833972A7AFCCD0093D07D /* Tela02.swift */,
				B14833992A7AFCD40093D07D /* Tela03.swift */,
			);
			path = "20- tabbarePick";
			sourceTree = "<group>";
		};
/* End PBXGroup section */

/* Begin PBXNativeTarget section */
		B1E5D7942A7AF755003E7035 /* 20- tabbarePick */ = {
			isa = PBXNativeTarget;
			buildConfigurationList = B1E5D7A92A7AF75A003E7035 /* Build configuration list for PBXNativeTarget "20- tabbarePick" */;
			buildPhases = (
				B1E5D7912A7AF755003E7035 /* Sources */,
				B1E5D7922A7AF755003E7035 /* Frameworks */,
				B1E5D7932A7AF755003E7035 /* Resources */,
			);
			buildRules = (
			);
			dependencies = (
			);
			name = "20- tabbarePick";
			productName = "20- tabbarePick";
			productReference = B1E5D7952A7AF755003E7035 /* 20- tabbarePick.app */;
			productType = "com.apple.product-type.application";
		};
/* End PBXNativeTarget section */

/* Begin PBXProject section */
		B1E5D78D2A7AF755003E7035 /* Project object */ = {
			isa = PBXProject;
			attributes = {
				BuildIndependentTargetsInParallel = 1;
				LastSwiftUpdateCheck = 1500;
				LastUpgradeCheck = 1500;
				TargetAttributes = {
					B1E5D7942A7AF755003E7035 = {
						CreatedOnToolsVersion = 15.0;
					};
				};
			};
			buildConfigurationList = B1E5D7902A7AF755003E7035 /* Build configuration list for PBXProject "20- tabbarePick" */;
			compatibilityVersion = "Xcode 14.0";
			developmentRegion = en;
			hasScannedForEncodings = 0;
			knownRegions = (
				en,
				Base,
			);
			mainGroup = B1E5D78C2A7AF755003E7035;
			productRefGroup = B1E5D7962A7AF755003E7035 /* Products */;
			projectDirPath = "";
			projectRoot = "";
			targets = (
				B1E5D7942A7AF755003E7035 /* 20- tabbarePick */,
			);
		};
/* End PBXProject section */

/* Begin PBXResourcesBuildPhase section */
		B1E5D7932A7AF755003E7035 /* Resources */ = {
			isa = PBXResourcesBuildPhase;
			buildActionMask = 2147483647;
			files = (
				B1E5D7A52A7AF75A003E7035 /* LaunchScreen.storyboard in Resources */,
				B1E5D7A22A7AF75A003E7035 /* Assets.xcassets in Resources */,
				B16740462A7B348700F5ACD7 /* CustomTableViewCell.xib in Resources */,
				B1E5D7A02A7AF755003E7035 /* Main.storyboard in Resources */,
			);
			runOnlyForDeploymentPostprocessing = 0;
		};
/* End PBXResourcesBuildPhase section */

/* Begin PBXSourcesBuildPhase section */
		B1E5D7912A7AF755003E7035 /* Sources */ = {
			isa = PBXSourcesBuildPhase;
			buildActionMask = 2147483647;
			files = (
				B1E5D79D2A7AF755003E7035 /* Tela01.swift in Sources */,
				B1CEE71A2A7C002D00A05D62 /* AlertController.swift in Sources */,
				B1BEA6582A7B475A007E9027 /* Profile.swift in Sources */,
				B14833962A7AF81C0093D07D /* tabBarController.swift in Sources */,
				B148339A2A7AFCD40093D07D /* Tela03.swift in Sources */,
				B16740452A7B348700F5ACD7 /* CustomTableViewCell.swift in Sources */,
				B1E5D7992A7AF755003E7035 /* AppDelegate.swift in Sources */,
				B1E5D79B2A7AF755003E7035 /* SceneDelegate.swift in Sources */,
				B14833982A7AFCCD0093D07D /* Tela02.swift in Sources */,
			);
			runOnlyForDeploymentPostprocessing = 0;
		};
/* End PBXSourcesBuildPhase section */

/* Begin PBXVariantGroup section */
		B1E5D79E2A7AF755003E7035 /* Main.storyboard */ = {
			isa = PBXVariantGroup;
			children = (
				B1E5D79F2A7AF755003E7035 /* Base */,
			);
			name = Main.storyboard;
			sourceTree = "<group>";
		};
		B1E5D7A32A7AF75A003E7035 /* LaunchScreen.storyboard */ = {
			isa = PBXVariantGroup;
			children = (
				B1E5D7A42A7AF75A003E7035 /* Base */,
			);
			name = LaunchScreen.storyboard;
			sourceTree = "<group>";
		};
/* End PBXVariantGroup section */

/* Begin XCBuildConfiguration section */
		B1E5D7A72A7AF75A003E7035 /* Debug */ = {
			isa = XCBuildConfiguration;
			buildSettings = {
				ALWAYS_SEARCH_USER_PATHS = NO;
				ASSETCATALOG_COMPILER_GENERATE_SWIFT_ASSET_SYMBOL_EXTENSIONS = YES;
				CLANG_ANALYZER_NONNULL = YES;
				CLANG_ANALYZER_NUMBER_OBJECT_CONVERSION = YES_AGGRESSIVE;
				CLANG_CXX_LANGUAGE_STANDARD = "gnu++20";
				CLANG_ENABLE_MODULES = YES;
				CLANG_ENABLE_OBJC_ARC = YES;
				CLANG_ENABLE_OBJC_WEAK = YES;
				CLANG_WARN_BLOCK_CAPTURE_AUTORELEASING = YES;
				CLANG_WARN_BOOL_CONVERSION = YES;
				CLANG_WARN_COMMA = YES;
				CLANG_WARN_CONSTANT_CONVERSION = YES;
				CLANG_WARN_DEPRECATED_OBJC_IMPLEMENTATIONS = YES;
				CLANG_WARN_DIRECT_OBJC_ISA_USAGE = YES_ERROR;
				CLANG_WARN_DOCUMENTATION_COMMENTS = YES;
				CLANG_WARN_EMPTY_BODY = YES;
				CLANG_WARN_ENUM_CONVERSION = YES;
				CLANG_WARN_INFINITE_RECURSION = YES;
				CLANG_WARN_INT_CONVERSION = YES;
				CLANG_WARN_NON_LITERAL_NULL_CONVERSION = YES;
				CLANG_WARN_OBJC_IMPLICIT_RETAIN_SELF = YES;
				CLANG_WARN_OBJC_LITERAL_CONVERSION = YES;
				CLANG_WARN_OBJC_ROOT_CLASS = YES_ERROR;
				CLANG_WARN_QUOTED_INCLUDE_IN_FRAMEWORK_HEADER = YES;
				CLANG_WARN_RANGE_LOOP_ANALYSIS = YES;
				CLANG_WARN_STRICT_PROTOTYPES = YES;
				CLANG_WARN_SUSPICIOUS_MOVE = YES;
				CLANG_WARN_UNGUARDED_AVAILABILITY = YES_AGGRESSIVE;
				CLANG_WARN_UNREACHABLE_CODE = YES;
				CLANG_WARN__DUPLICATE_METHOD_MATCH = YES;
				COPY_PHASE_STRIP = NO;
				DEBUG_INFORMATION_FORMAT = dwarf;
				ENABLE_STRICT_OBJC_MSGSEND = YES;
				ENABLE_TESTABILITY = YES;
				ENABLE_USER_SCRIPT_SANDBOXING = YES;
				GCC_C_LANGUAGE_STANDARD = gnu17;
				GCC_DYNAMIC_NO_PIC = NO;
				GCC_NO_COMMON_BLOCKS = YES;
				GCC_OPTIMIZATION_LEVEL = 0;
				GCC_PREPROCESSOR_DEFINITIONS = (
					"DEBUG=1",
					"$(inherited)",
				);
				GCC_WARN_64_TO_32_BIT_CONVERSION = YES;
				GCC_WARN_ABOUT_RETURN_TYPE = YES_ERROR;
				GCC_WARN_UNDECLARED_SELECTOR = YES;
				GCC_WARN_UNINITIALIZED_AUTOS = YES_AGGRESSIVE;
				GCC_WARN_UNUSED_FUNCTION = YES;
				GCC_WARN_UNUSED_VARIABLE = YES;
				IPHONEOS_DEPLOYMENT_TARGET = 17.0;
				LOCALIZATION_PREFERS_STRING_CATALOGS = YES;
				MTL_ENABLE_DEBUG_INFO = INCLUDE_SOURCE;
				MTL_FAST_MATH = YES;
				ONLY_ACTIVE_ARCH = YES;
				SDKROOT = iphoneos;
				SWIFT_ACTIVE_COMPILATION_CONDITIONS = "DEBUG $(inherited)";
				SWIFT_OPTIMIZATION_LEVEL = "-Onone";
			};
			name = Debug;
		};
		B1E5D7A82A7AF75A003E7035 /* Release */ = {
			isa = XCBuildConfiguration;
			buildSettings = {
				ALWAYS_SEARCH_USER_PATHS = NO;
				ASSETCATALOG_COMPILER_GENERATE_SWIFT_ASSET_SYMBOL_EXTENSIONS = YES;
				CLANG_ANALYZER_NONNULL = YES;
				CLANG_ANALYZER_NUMBER_OBJECT_CONVERSION = YES_AGGRESSIVE;
				CLANG_CXX_LANGUAGE_STANDARD = "gnu++20";
				CLANG_ENABLE_MODULES = YES;
				CLANG_ENABLE_OBJC_ARC = YES;
				CLANG_ENABLE_OBJC_WEAK = YES;
				CLANG_WARN_BLOCK_CAPTURE_AUTORELEASING = YES;
				CLANG_WARN_BOOL_CONVERSION = YES;
				CLANG_WARN_COMMA = YES;
				CLANG_WARN_CONSTANT_CONVERSION = YES;
				CLANG_WARN_DEPRECATED_OBJC_IMPLEMENTATIONS = YES;
				CLANG_WARN_DIRECT_OBJC_ISA_USAGE = YES_ERROR;
				CLANG_WARN_DOCUMENTATION_COMMENTS = YES;
				CLANG_WARN_EMPTY_BODY = YES;
				CLANG_WARN_ENUM_CONVERSION = YES;
				CLANG_WARN_INFINITE_RECURSION = YES;
				CLANG_WARN_INT_CONVERSION = YES;
				CLANG_WARN_NON_LITERAL_NULL_CONVERSION = YES;
				CLANG_WARN_OBJC_IMPLICIT_RETAIN_SELF = YES;
				CLANG_WARN_OBJC_LITERAL_CONVERSION = YES;
				CLANG_WARN_OBJC_ROOT_CLASS = YES_ERROR;
				CLANG_WARN_QUOTED_INCLUDE_IN_FRAMEWORK_HEADER = YES;
				CLANG_WARN_RANGE_LOOP_ANALYSIS = YES;
				CLANG_WARN_STRICT_PROTOTYPES = YES;
				CLANG_WARN_SUSPICIOUS_MOVE = YES;
				CLANG_WARN_UNGUARDED_AVAILABILITY = YES_AGGRESSIVE;
				CLANG_WARN_UNREACHABLE_CODE = YES;
				CLANG_WARN__DUPLICATE_METHOD_MATCH = YES;
				COPY_PHASE_STRIP = NO;
				DEBUG_INFORMATION_FORMAT = "dwarf-with-dsym";
				ENABLE_NS_ASSERTIONS = NO;
				ENABLE_STRICT_OBJC_MSGSEND = YES;
				ENABLE_USER_SCRIPT_SANDBOXING = YES;
				GCC_C_LANGUAGE_STANDARD = gnu17;
				GCC_NO_COMMON_BLOCKS = YES;
				GCC_WARN_64_TO_32_BIT_CONVERSION = YES;
				GCC_WARN_ABOUT_RETURN_TYPE = YES_ERROR;
				GCC_WARN_UNDECLARED_SELECTOR = YES;
				GCC_WARN_UNINITIALIZED_AUTOS = YES_AGGRESSIVE;
				GCC_WARN_UNUSED_FUNCTION = YES;
				GCC_WARN_UNUSED_VARIABLE = YES;
				IPHONEOS_DEPLOYMENT_TARGET = 17.0;
				LOCALIZATION_PREFERS_STRING_CATALOGS = YES;
				MTL_ENABLE_DEBUG_INFO = NO;
				MTL_FAST_MATH = YES;
				SDKROOT = iphoneos;
				SWIFT_COMPILATION_MODE = wholemodule;
				VALIDATE_PRODUCT = YES;
			};
			name = Release;
		};
		B1E5D7AA2A7AF75A003E7035 /* Debug */ = {
			isa = XCBuildConfiguration;
			buildSettings = {
				ASSETCATALOG_COMPILER_APPICON_NAME = AppIcon;
				ASSETCATALOG_COMPILER_GLOBAL_ACCENT_COLOR_NAME = AccentColor;
				CODE_SIGN_STYLE = Automatic;
				CURRENT_PROJECT_VERSION = 1;
				DEVELOPMENT_TEAM = HM453M4XMZ;
				GENERATE_INFOPLIST_FILE = YES;
				INFOPLIST_FILE = "20- tabbarePick/Info.plist";
				INFOPLIST_KEY_UIApplicationSupportsIndirectInputEvents = YES;
				INFOPLIST_KEY_UILaunchStoryboardName = LaunchScreen;
				INFOPLIST_KEY_UIMainStoryboardFile = Main;
				INFOPLIST_KEY_UISupportedInterfaceOrientations_iPad = "UIInterfaceOrientationPortrait UIInterfaceOrientationPortraitUpsideDown UIInterfaceOrientationLandscapeLeft UIInterfaceOrientationLandscapeRight";
				INFOPLIST_KEY_UISupportedInterfaceOrientations_iPhone = "UIInterfaceOrientationPortrait UIInterfaceOrientationLandscapeLeft UIInterfaceOrientationLandscapeRight";
				LD_RUNPATH_SEARCH_PATHS = (
					"$(inherited)",
					"@executable_path/Frameworks",
				);
				MARKETING_VERSION = 1.0;
				PRODUCT_BUNDLE_IDENTIFIER = "sergio.hefe-hotmail.com.-0--tabbarePick";
				PRODUCT_NAME = "$(TARGET_NAME)";
				SWIFT_EMIT_LOC_STRINGS = YES;
				SWIFT_VERSION = 5.0;
				TARGETED_DEVICE_FAMILY = "1,2";
			};
			name = Debug;
		};
		B1E5D7AB2A7AF75A003E7035 /* Release */ = {
			isa = XCBuildConfiguration;
			buildSettings = {
				ASSETCATALOG_COMPILER_APPICON_NAME = AppIcon;
				ASSETCATALOG_COMPILER_GLOBAL_ACCENT_COLOR_NAME = AccentColor;
				CODE_SIGN_STYLE = Automatic;
				CURRENT_PROJECT_VERSION = 1;
				DEVELOPMENT_TEAM = HM453M4XMZ;
				GENERATE_INFOPLIST_FILE = YES;
				INFOPLIST_FILE = "20- tabbarePick/Info.plist";
				INFOPLIST_KEY_UIApplicationSupportsIndirectInputEvents = YES;
				INFOPLIST_KEY_UILaunchStoryboardName = LaunchScreen;
				INFOPLIST_KEY_UIMainStoryboardFile = Main;
				INFOPLIST_KEY_UISupportedInterfaceOrientations_iPad = "UIInterfaceOrientationPortrait UIInterfaceOrientationPortraitUpsideDown UIInterfaceOrientationLandscapeLeft UIInterfaceOrientationLandscapeRight";
				INFOPLIST_KEY_UISupportedInterfaceOrientations_iPhone = "UIInterfaceOrientationPortrait UIInterfaceOrientationLandscapeLeft UIInterfaceOrientationLandscapeRight";
				LD_RUNPATH_SEARCH_PATHS = (
					"$(inherited)",
					"@executable_path/Frameworks",
				);
				MARKETING_VERSION = 1.0;
				PRODUCT_BUNDLE_IDENTIFIER = "sergio.hefe-hotmail.com.-0--tabbarePick";
				PRODUCT_NAME = "$(TARGET_NAME)";
				SWIFT_EMIT_LOC_STRINGS = YES;
				SWIFT_VERSION = 5.0;
				TARGETED_DEVICE_FAMILY = "1,2";
			};
			name = Release;
		};
/* End XCBuildConfiguration section */

/* Begin XCConfigurationList section */
		B1E5D7902A7AF755003E7035 /* Build configuration list for PBXProject "20- tabbarePick" */ = {
			isa = XCConfigurationList;
			buildConfigurations = (
				B1E5D7A72A7AF75A003E7035 /* Debug */,
				B1E5D7A82A7AF75A003E7035 /* Release */,
			);
			defaultConfigurationIsVisible = 0;
			defaultConfigurationName = Release;
		};
		B1E5D7A92A7AF75A003E7035 /* Build configuration list for PBXNativeTarget "20- tabbarePick" */ = {
			isa = XCConfigurationList;
			buildConfigurations = (
				B1E5D7AA2A7AF75A003E7035 /* Debug */,
				B1E5D7AB2A7AF75A003E7035 /* Release */,
			);
			defaultConfigurationIsVisible = 0;
			defaultConfigurationName = Release;
		};
/* End XCConfigurationList section */
	};
	rootObject = B1E5D78D2A7AF755003E7035 /* Project object */;
}
