// !$*UTF8*$!
{
	archiveVersion = 1;
	classes = {
	};
	objectVersion = 56;
	objects = {

/* Begin PBXBuildFile section */
		B1DF77FE2A57042D005F6E56 /* AppDelegate.swift in Sources */ = {isa = PBXBuildFile; fileRef = B1DF77FD2A57042D005F6E56 /* AppDelegate.swift */; };
		B1DF78002A57042D005F6E56 /* SceneDelegate.swift in Sources */ = {isa = PBXBuildFile; fileRef = B1DF77FF2A57042D005F6E56 /* SceneDelegate.swift */; };
		B1DF78022A57042D005F6E56 /* ViewController.swift in Sources */ = {isa = PBXBuildFile; fileRef = B1DF78012A57042D005F6E56 /* ViewController.swift */; };
		B1DF78052A57042D005F6E56 /* Main.storyboard in Resources */ = {isa = PBXBuildFile; fileRef = B1DF78032A57042D005F6E56 /* Main.storyboard */; };
		B1DF78072A57042F005F6E56 /* Assets.xcassets in Resources */ = {isa = PBXBuildFile; fileRef = B1DF78062A57042F005F6E56 /* Assets.xcassets */; };
		B1DF780A2A57042F005F6E56 /* LaunchScreen.storyboard in Resources */ = {isa = PBXBuildFile; fileRef = B1DF78082A57042F005F6E56 /* LaunchScreen.storyboard */; };
		B1DF78142A570988005F6E56 /* CurstomTableViewCell.swift in Sources */ = {isa = PBXBuildFile; fileRef = B1DF78122A570988005F6E56 /* CurstomTableViewCell.swift */; };
		B1DF78152A570988005F6E56 /* CurstomTableViewCell.xib in Resources */ = {isa = PBXBuildFile; fileRef = B1DF78132A570988005F6E56 /* CurstomTableViewCell.xib */; };
/* End PBXBuildFile section */

/* Begin PBXFileReference section */
		B1DF77FA2A57042D005F6E56 /* 16-AppTableViewCurso.app */ = {isa = PBXFileReference; explicitFileType = wrapper.application; includeInIndex = 0; path = "16-AppTableViewCurso.app"; sourceTree = BUILT_PRODUCTS_DIR; };
		B1DF77FD2A57042D005F6E56 /* AppDelegate.swift */ = {isa = PBXFileReference; lastKnownFileType = sourcecode.swift; path = AppDelegate.swift; sourceTree = "<group>"; };
		B1DF77FF2A57042D005F6E56 /* SceneDelegate.swift */ = {isa = PBXFileReference; lastKnownFileType = sourcecode.swift; path = SceneDelegate.swift; sourceTree = "<group>"; };
		B1DF78012A57042D005F6E56 /* ViewController.swift */ = {isa = PBXFileReference; lastKnownFileType = sourcecode.swift; path = ViewController.swift; sourceTree = "<group>"; };
		B1DF78042A57042D005F6E56 /* Base */ = {isa = PBXFileReference; lastKnownFileType = file.storyboard; name = Base; path = Base.lproj/Main.storyboard; sourceTree = "<group>"; };
		B1DF78062A57042F005F6E56 /* Assets.xcassets */ = {isa = PBXFileReference; lastKnownFileType = folder.assetcatalog; path = Assets.xcassets; sourceTree = "<group>"; };
		B1DF78092A57042F005F6E56 /* Base */ = {isa = PBXFileReference; lastKnownFileType = file.storyboard; name = Base; path = Base.lproj/LaunchScreen.storyboard; sourceTree = "<group>"; };
		B1DF780B2A57042F005F6E56 /* Info.plist */ = {isa = PBXFileReference; lastKnownFileType = text.plist.xml; path = Info.plist; sourceTree = "<group>"; };
		B1DF78122A570988005F6E56 /* CurstomTableViewCell.swift */ = {isa = PBXFileReference; lastKnownFileType = sourcecode.swift; path = CurstomTableViewCell.swift; sourceTree = "<group>"; };
		B1DF78132A570988005F6E56 /* CurstomTableViewCell.xib */ = {isa = PBXFileReference; lastKnownFileType = file.xib; path = CurstomTableViewCell.xib; sourceTree = "<group>"; };
/* End PBXFileReference section */

/* Begin PBXFrameworksBuildPhase section */
		B1DF77F72A57042D005F6E56 /* Frameworks */ = {
			isa = PBXFrameworksBuildPhase;
			buildActionMask = 2147483647;
			files = (
			);
			runOnlyForDeploymentPostprocessing = 0;
		};
/* End PBXFrameworksBuildPhase section */

/* Begin PBXGroup section */
		B1DF77F12A57042D005F6E56 = {
			isa = PBXGroup;
			children = (
				B1DF77FC2A57042D005F6E56 /* 16-AppTableViewCurso */,
				B1DF77FB2A57042D005F6E56 /* Products */,
			);
			sourceTree = "<group>";
		};
		B1DF77FB2A57042D005F6E56 /* Products */ = {
			isa = PBXGroup;
			children = (
				B1DF77FA2A57042D005F6E56 /* 16-AppTableViewCurso.app */,
			);
			name = Products;
			sourceTree = "<group>";
		};
		B1DF77FC2A57042D005F6E56 /* 16-AppTableViewCurso */ = {
			isa = PBXGroup;
			children = (
				B1DF78112A570907005F6E56 /* UUITableViewCell */,
				B1DF77FD2A57042D005F6E56 /* AppDelegate.swift */,
				B1DF77FF2A57042D005F6E56 /* SceneDelegate.swift */,
				B1DF78012A57042D005F6E56 /* ViewController.swift */,
				B1DF78032A57042D005F6E56 /* Main.storyboard */,
				B1DF78062A57042F005F6E56 /* Assets.xcassets */,
				B1DF78082A57042F005F6E56 /* LaunchScreen.storyboard */,
				B1DF780B2A57042F005F6E56 /* Info.plist */,
			);
			path = "16-AppTableViewCurso";
			sourceTree = "<group>";
		};
		B1DF78112A570907005F6E56 /* UUITableViewCell */ = {
			isa = PBXGroup;
			children = (
				B1DF78122A570988005F6E56 /* CurstomTableViewCell.swift */,
				B1DF78132A570988005F6E56 /* CurstomTableViewCell.xib */,
			);
			path = UUITableViewCell;
			sourceTree = "<group>";
		};
/* End PBXGroup section */

/* Begin PBXNativeTarget section */
		B1DF77F92A57042D005F6E56 /* 16-AppTableViewCurso */ = {
			isa = PBXNativeTarget;
			buildConfigurationList = B1DF780E2A57042F005F6E56 /* Build configuration list for PBXNativeTarget "16-AppTableViewCurso" */;
			buildPhases = (
				B1DF77F62A57042D005F6E56 /* Sources */,
				B1DF77F72A57042D005F6E56 /* Frameworks */,
				B1DF77F82A57042D005F6E56 /* Resources */,
			);
			buildRules = (
			);
			dependencies = (
			);
			name = "16-AppTableViewCurso";
			productName = "16-AppTableViewCurso";
			productReference = B1DF77FA2A57042D005F6E56 /* 16-AppTableViewCurso.app */;
			productType = "com.apple.product-type.application";
		};
/* End PBXNativeTarget section */

/* Begin PBXProject section */
		B1DF77F22A57042D005F6E56 /* Project object */ = {
			isa = PBXProject;
			attributes = {
				BuildIndependentTargetsInParallel = 1;
				LastSwiftUpdateCheck = 1500;
				LastUpgradeCheck = 1500;
				TargetAttributes = {
					B1DF77F92A57042D005F6E56 = {
						CreatedOnToolsVersion = 15.0;
					};
				};
			};
			buildConfigurationList = B1DF77F52A57042D005F6E56 /* Build configuration list for PBXProject "16-AppTableViewCurso" */;
			compatibilityVersion = "Xcode 14.0";
			developmentRegion = en;
			hasScannedForEncodings = 0;
			knownRegions = (
				en,
				Base,
			);
			mainGroup = B1DF77F12A57042D005F6E56;
			productRefGroup = B1DF77FB2A57042D005F6E56 /* Products */;
			projectDirPath = "";
			projectRoot = "";
			targets = (
				B1DF77F92A57042D005F6E56 /* 16-AppTableViewCurso */,
			);
		};
/* End PBXProject section */

/* Begin PBXResourcesBuildPhase section */
		B1DF77F82A57042D005F6E56 /* Resources */ = {
			isa = PBXResourcesBuildPhase;
			buildActionMask = 2147483647;
			files = (
				B1DF780A2A57042F005F6E56 /* LaunchScreen.storyboard in Resources */,
				B1DF78152A570988005F6E56 /* CurstomTableViewCell.xib in Resources */,
				B1DF78072A57042F005F6E56 /* Assets.xcassets in Resources */,
				B1DF78052A57042D005F6E56 /* Main.storyboard in Resources */,
			);
			runOnlyForDeploymentPostprocessing = 0;
		};
/* End PBXResourcesBuildPhase section */

/* Begin PBXSourcesBuildPhase section */
		B1DF77F62A57042D005F6E56 /* Sources */ = {
			isa = PBXSourcesBuildPhase;
			buildActionMask = 2147483647;
			files = (
				B1DF78022A57042D005F6E56 /* ViewController.swift in Sources */,
				B1DF78142A570988005F6E56 /* CurstomTableViewCell.swift in Sources */,
				B1DF77FE2A57042D005F6E56 /* AppDelegate.swift in Sources */,
				B1DF78002A57042D005F6E56 /* SceneDelegate.swift in Sources */,
			);
			runOnlyForDeploymentPostprocessing = 0;
		};
/* End PBXSourcesBuildPhase section */

/* Begin PBXVariantGroup section */
		B1DF78032A57042D005F6E56 /* Main.storyboard */ = {
			isa = PBXVariantGroup;
			children = (
				B1DF78042A57042D005F6E56 /* Base */,
			);
			name = Main.storyboard;
			sourceTree = "<group>";
		};
		B1DF78082A57042F005F6E56 /* LaunchScreen.storyboard */ = {
			isa = PBXVariantGroup;
			children = (
				B1DF78092A57042F005F6E56 /* Base */,
			);
			name = LaunchScreen.storyboard;
			sourceTree = "<group>";
		};
/* End PBXVariantGroup section */

/* Begin XCBuildConfiguration section */
		B1DF780C2A57042F005F6E56 /* Debug */ = {
			isa = XCBuildConfiguration;
			buildSettings = {
				ALWAYS_SEARCH_USER_PATHS = NO;
				ASSETCATALOG_COMPILER_GENERATE_SWIFT_ASSET_SYMBOL_EXTENSIONS = YES;
				CLANG_ANALYZER_NONNULL = YES;
				CLANG_ANALYZER_NUMBER_OBJECT_CONVERSION = YES_AGGRESSIVE;
				CLANG_CXX_LANGUAGE_STANDARD = "gnu++20";
				CLANG_ENABLE_MODULES = YES;
				CLANG_ENABLE_OBJC_ARC = YES;
				CLANG_ENABLE_OBJC_WEAK = YES;
				CLANG_WARN_BLOCK_CAPTURE_AUTORELEASING = YES;
				CLANG_WARN_BOOL_CONVERSION = YES;
				CLANG_WARN_COMMA = YES;
				CLANG_WARN_CONSTANT_CONVERSION = YES;
				CLANG_WARN_DEPRECATED_OBJC_IMPLEMENTATIONS = YES;
				CLANG_WARN_DIRECT_OBJC_ISA_USAGE = YES_ERROR;
				CLANG_WARN_DOCUMENTATION_COMMENTS = YES;
				CLANG_WARN_EMPTY_BODY = YES;
				CLANG_WARN_ENUM_CONVERSION = YES;
				CLANG_WARN_INFINITE_RECURSION = YES;
				CLANG_WARN_INT_CONVERSION = YES;
				CLANG_WARN_NON_LITERAL_NULL_CONVERSION = YES;
				CLANG_WARN_OBJC_IMPLICIT_RETAIN_SELF = YES;
				CLANG_WARN_OBJC_LITERAL_CONVERSION = YES;
				CLANG_WARN_OBJC_ROOT_CLASS = YES_ERROR;
				CLANG_WARN_QUOTED_INCLUDE_IN_FRAMEWORK_HEADER = YES;
				CLANG_WARN_RANGE_LOOP_ANALYSIS = YES;
				CLANG_WARN_STRICT_PROTOTYPES = YES;
				CLANG_WARN_SUSPICIOUS_MOVE = YES;
				CLANG_WARN_UNGUARDED_AVAILABILITY = YES_AGGRESSIVE;
				CLANG_WARN_UNREACHABLE_CODE = YES;
				CLANG_WARN__DUPLICATE_METHOD_MATCH = YES;
				COPY_PHASE_STRIP = NO;
				DEBUG_INFORMATION_FORMAT = dwarf;
				ENABLE_STRICT_OBJC_MSGSEND = YES;
				ENABLE_TESTABILITY = YES;
				ENABLE_USER_SCRIPT_SANDBOXING = YES;
				GCC_C_LANGUAGE_STANDARD = gnu17;
				GCC_DYNAMIC_NO_PIC = NO;
				GCC_NO_COMMON_BLOCKS = YES;
				GCC_OPTIMIZATION_LEVEL = 0;
				GCC_PREPROCESSOR_DEFINITIONS = (
					"DEBUG=1",
					"$(inherited)",
				);
				GCC_WARN_64_TO_32_BIT_CONVERSION = YES;
				GCC_WARN_ABOUT_RETURN_TYPE = YES_ERROR;
				GCC_WARN_UNDECLARED_SELECTOR = YES;
				GCC_WARN_UNINITIALIZED_AUTOS = YES_AGGRESSIVE;
				GCC_WARN_UNUSED_FUNCTION = YES;
				GCC_WARN_UNUSED_VARIABLE = YES;
				IPHONEOS_DEPLOYMENT_TARGET = 17.0;
				LOCALIZATION_PREFERS_STRING_CATALOGS = YES;
				MTL_ENABLE_DEBUG_INFO = INCLUDE_SOURCE;
				MTL_FAST_MATH = YES;
				ONLY_ACTIVE_ARCH = YES;
				SDKROOT = iphoneos;
				SWIFT_ACTIVE_COMPILATION_CONDITIONS = "DEBUG $(inherited)";
				SWIFT_OPTIMIZATION_LEVEL = "-Onone";
			};
			name = Debug;
		};
		B1DF780D2A57042F005F6E56 /* Release */ = {
			isa = XCBuildConfiguration;
			buildSettings = {
				ALWAYS_SEARCH_USER_PATHS = NO;
				ASSETCATALOG_COMPILER_GENERATE_SWIFT_ASSET_SYMBOL_EXTENSIONS = YES;
				CLANG_ANALYZER_NONNULL = YES;
				CLANG_ANALYZER_NUMBER_OBJECT_CONVERSION = YES_AGGRESSIVE;
				CLANG_CXX_LANGUAGE_STANDARD = "gnu++20";
				CLANG_ENABLE_MODULES = YES;
				CLANG_ENABLE_OBJC_ARC = YES;
				CLANG_ENABLE_OBJC_WEAK = YES;
				CLANG_WARN_BLOCK_CAPTURE_AUTORELEASING = YES;
				CLANG_WARN_BOOL_CONVERSION = YES;
				CLANG_WARN_COMMA = YES;
				CLANG_WARN_CONSTANT_CONVERSION = YES;
				CLANG_WARN_DEPRECATED_OBJC_IMPLEMENTATIONS = YES;
				CLANG_WARN_DIRECT_OBJC_ISA_USAGE = YES_ERROR;
				CLANG_WARN_DOCUMENTATION_COMMENTS = YES;
				CLANG_WARN_EMPTY_BODY = YES;
				CLANG_WARN_ENUM_CONVERSION = YES;
				CLANG_WARN_INFINITE_RECURSION = YES;
				CLANG_WARN_INT_CONVERSION = YES;
				CLANG_WARN_NON_LITERAL_NULL_CONVERSION = YES;
				CLANG_WARN_OBJC_IMPLICIT_RETAIN_SELF = YES;
				CLANG_WARN_OBJC_LITERAL_CONVERSION = YES;
				CLANG_WARN_OBJC_ROOT_CLASS = YES_ERROR;
				CLANG_WARN_QUOTED_INCLUDE_IN_FRAMEWORK_HEADER = YES;
				CLANG_WARN_RANGE_LOOP_ANALYSIS = YES;
				CLANG_WARN_STRICT_PROTOTYPES = YES;
				CLANG_WARN_SUSPICIOUS_MOVE = YES;
				CLANG_WARN_UNGUARDED_AVAILABILITY = YES_AGGRESSIVE;
				CLANG_WARN_UNREACHABLE_CODE = YES;
				CLANG_WARN__DUPLICATE_METHOD_MATCH = YES;
				COPY_PHASE_STRIP = NO;
				DEBUG_INFORMATION_FORMAT = "dwarf-with-dsym";
				ENABLE_NS_ASSERTIONS = NO;
				ENABLE_STRICT_OBJC_MSGSEND = YES;
				ENABLE_USER_SCRIPT_SANDBOXING = YES;
				GCC_C_LANGUAGE_STANDARD = gnu17;
				GCC_NO_COMMON_BLOCKS = YES;
				GCC_WARN_64_TO_32_BIT_CONVERSION = YES;
				GCC_WARN_ABOUT_RETURN_TYPE = YES_ERROR;
				GCC_WARN_UNDECLARED_SELECTOR = YES;
				GCC_WARN_UNINITIALIZED_AUTOS = YES_AGGRESSIVE;
				GCC_WARN_UNUSED_FUNCTION = YES;
				GCC_WARN_UNUSED_VARIABLE = YES;
				IPHONEOS_DEPLOYMENT_TARGET = 17.0;
				LOCALIZATION_PREFERS_STRING_CATALOGS = YES;
				MTL_ENABLE_DEBUG_INFO = NO;
				MTL_FAST_MATH = YES;
				SDKROOT = iphoneos;
				SWIFT_COMPILATION_MODE = wholemodule;
				VALIDATE_PRODUCT = YES;
			};
			name = Release;
		};
		B1DF780F2A57042F005F6E56 /* Debug */ = {
			isa = XCBuildConfiguration;
			buildSettings = {
				ASSETCATALOG_COMPILER_APPICON_NAME = AppIcon;
				ASSETCATALOG_COMPILER_GLOBAL_ACCENT_COLOR_NAME = AccentColor;
				CODE_SIGN_STYLE = Automatic;
				CURRENT_PROJECT_VERSION = 1;
				DEVELOPMENT_TEAM = HM453M4XMZ;
				GENERATE_INFOPLIST_FILE = YES;
				INFOPLIST_FILE = "16-AppTableViewCurso/Info.plist";
				INFOPLIST_KEY_UIApplicationSupportsIndirectInputEvents = YES;
				INFOPLIST_KEY_UILaunchStoryboardName = LaunchScreen;
				INFOPLIST_KEY_UIMainStoryboardFile = Main;
				INFOPLIST_KEY_UISupportedInterfaceOrientations_iPad = "UIInterfaceOrientationPortrait UIInterfaceOrientationPortraitUpsideDown UIInterfaceOrientationLandscapeLeft UIInterfaceOrientationLandscapeRight";
				INFOPLIST_KEY_UISupportedInterfaceOrientations_iPhone = "UIInterfaceOrientationPortrait UIInterfaceOrientationLandscapeLeft UIInterfaceOrientationLandscapeRight";
				LD_RUNPATH_SEARCH_PATHS = (
					"$(inherited)",
					"@executable_path/Frameworks",
				);
				MARKETING_VERSION = 1.0;
				PRODUCT_BUNDLE_IDENTIFIER = "sergio.hefe-hotmail.com.-6-AppTableViewCurso";
				PRODUCT_NAME = "$(TARGET_NAME)";
				SUPPORTED_PLATFORMS = "iphoneos iphonesimulator";
				SUPPORTS_MACCATALYST = NO;
				SUPPORTS_MAC_DESIGNED_FOR_IPHONE_IPAD = NO;
				SWIFT_EMIT_LOC_STRINGS = YES;
				SWIFT_VERSION = 5.0;
				TARGETED_DEVICE_FAMILY = 1;
			};
			name = Debug;
		};
		B1DF78102A57042F005F6E56 /* Release */ = {
			isa = XCBuildConfiguration;
			buildSettings = {
				ASSETCATALOG_COMPILER_APPICON_NAME = AppIcon;
				ASSETCATALOG_COMPILER_GLOBAL_ACCENT_COLOR_NAME = AccentColor;
				CODE_SIGN_STYLE = Automatic;
				CURRENT_PROJECT_VERSION = 1;
				DEVELOPMENT_TEAM = HM453M4XMZ;
				GENERATE_INFOPLIST_FILE = YES;
				INFOPLIST_FILE = "16-AppTableViewCurso/Info.plist";
				INFOPLIST_KEY_UIApplicationSupportsIndirectInputEvents = YES;
				INFOPLIST_KEY_UILaunchStoryboardName = LaunchScreen;
				INFOPLIST_KEY_UIMainStoryboardFile = Main;
				INFOPLIST_KEY_UISupportedInterfaceOrientations_iPad = "UIInterfaceOrientationPortrait UIInterfaceOrientationPortraitUpsideDown UIInterfaceOrientationLandscapeLeft UIInterfaceOrientationLandscapeRight";
				INFOPLIST_KEY_UISupportedInterfaceOrientations_iPhone = "UIInterfaceOrientationPortrait UIInterfaceOrientationLandscapeLeft UIInterfaceOrientationLandscapeRight";
				LD_RUNPATH_SEARCH_PATHS = (
					"$(inherited)",
					"@executable_path/Frameworks",
				);
				MARKETING_VERSION = 1.0;
				PRODUCT_BUNDLE_IDENTIFIER = "sergio.hefe-hotmail.com.-6-AppTableViewCurso";
				PRODUCT_NAME = "$(TARGET_NAME)";
				SUPPORTED_PLATFORMS = "iphoneos iphonesimulator";
				SUPPORTS_MACCATALYST = NO;
				SUPPORTS_MAC_DESIGNED_FOR_IPHONE_IPAD = NO;
				SWIFT_EMIT_LOC_STRINGS = YES;
				SWIFT_VERSION = 5.0;
				TARGETED_DEVICE_FAMILY = 1;
			};
			name = Release;
		};
/* End XCBuildConfiguration section */

/* Begin XCConfigurationList section */
		B1DF77F52A57042D005F6E56 /* Build configuration list for PBXProject "16-AppTableViewCurso" */ = {
			isa = XCConfigurationList;
			buildConfigurations = (
				B1DF780C2A57042F005F6E56 /* Debug */,
				B1DF780D2A57042F005F6E56 /* Release */,
			);
			defaultConfigurationIsVisible = 0;
			defaultConfigurationName = Release;
		};
		B1DF780E2A57042F005F6E56 /* Build configuration list for PBXNativeTarget "16-AppTableViewCurso" */ = {
			isa = XCConfigurationList;
			buildConfigurations = (
				B1DF780F2A57042F005F6E56 /* Debug */,
				B1DF78102A57042F005F6E56 /* Release */,
			);
			defaultConfigurationIsVisible = 0;
			defaultConfigurationName = Release;
		};
/* End XCConfigurationList section */
	};
	rootObject = B1DF77F22A57042D005F6E56 /* Project object */;
}
